
Microsoft Visual Studio Solution File, Format Version 12.00
# Visual Studio Version 16
VisualStudioVersion = 16.0.30804.86
MinimumVisualStudioVersion = 10.0.40219.1
Project("{9A19103F-16F7-4668-BE54-9A1E7A4F7556}") = "task5-1", "task5\task5-1.csproj", "{3A6ED5FD-B250-4023-AC71-D0943FE592DA}"
EndProject
Project("{FAE04EC0-301F-11D3-BF4B-00C04F79EFBC}") = "Task5-2", "Task5-2\Task5-2.csproj", "{43C1CD63-FC79-4A78-92E9-AF21CEEF0D22}"
EndProject
Project("{FAE04EC0-301F-11D3-BF4B-00C04F79EFBC}") = "Task-1(Facebook)", "Task-1(Facebook)\Task-1(Facebook).csproj", "{E8051369-1AD7-494C-852E-8B6A8AE66999}"
EndProject
Project("{FAE04EC0-301F-11D3-BF4B-00C04F79EFBC}") = "Task-2(rokomari)", "Task-2(rokomari)\Task-2(rokomari).csproj", "{14AF07E3-5471-4174-BED8-72E0772BD9E0}"
EndProject
Project("{FAE04EC0-301F-11D3-BF4B-00C04F79EFBC}") = "Task-3(Ludu)", "Task-3(Ludu)\Task-3(Ludu).csproj", "{7F5F4B25-790D-4AA7-BDB6-E5A54A851062}"
EndProject
Project("{FAE04EC0-301F-11D3-BF4B-00C04F79EFBC}") = "Task-4(library)", "Task-4(library)\Task-4(library).csproj", "{E92BC993-E349-4CC0-88CB-9D74320FE652}"
EndProject
Global
	GlobalSection(SolutionConfigurationPlatforms) = preSolution
		Debug|Any CPU = Debug|Any CPU
		Release|Any CPU = Release|Any CPU
	EndGlobalSection
	GlobalSection(ProjectConfigurationPlatforms) = postSolution
		{3A6ED5FD-B250-4023-AC71-D0943FE592DA}.Debug|Any CPU.ActiveCfg = Debug|Any CPU
		{3A6ED5FD-B250-4023-AC71-D0943FE592DA}.Debug|Any CPU.Build.0 = Debug|Any CPU
		{3A6ED5FD-B250-4023-AC71-D0943FE592DA}.Release|Any CPU.ActiveCfg = Release|Any CPU
		{3A6ED5FD-B250-4023-AC71-D0943FE592DA}.Release|Any CPU.Build.0 = Release|Any CPU
		{43C1CD63-FC79-4A78-92E9-AF21CEEF0D22}.Debug|Any CPU.ActiveCfg = Debug|Any CPU
		{43C1CD63-FC79-4A78-92E9-AF21CEEF0D22}.Debug|Any CPU.Build.0 = Debug|Any CPU
		{43C1CD63-FC79-4A78-92E9-AF21CEEF0D22}.Release|Any CPU.ActiveCfg = Release|Any CPU
		{43C1CD63-FC79-4A78-92E9-AF21CEEF0D22}.Release|Any CPU.Build.0 = Release|Any CPU
		{E8051369-1AD7-494C-852E-8B6A8AE66999}.Debug|Any CPU.ActiveCfg = Debug|Any CPU
		{E8051369-1AD7-494C-852E-8B6A8AE66999}.Debug|Any CPU.Build.0 = Debug|Any CPU
		{E8051369-1AD7-494C-852E-8B6A8AE66999}.Release|Any CPU.ActiveCfg = Release|Any CPU
		{E8051369-1AD7-494C-852E-8B6A8AE66999}.Release|Any CPU.Build.0 = Release|Any CPU
		{14AF07E3-5471-4174-BED8-72E0772BD9E0}.Debug|Any CPU.ActiveCfg = Debug|Any CPU
		{14AF07E3-5471-4174-BED8-72E0772BD9E0}.Debug|Any CPU.Build.0 = Debug|Any CPU
		{14AF07E3-5471-4174-BED8-72E0772BD9E0}.Release|Any CPU.ActiveCfg = Release|Any CPU
		{14AF07E3-5471-4174-BED8-72E0772BD9E0}.Release|Any CPU.Build.0 = Release|Any CPU
		{7F5F4B25-790D-4AA7-BDB6-E5A54A851062}.Debug|Any CPU.ActiveCfg = Debug|Any CPU
		{7F5F4B25-790D-4AA7-BDB6-E5A54A851062}.Debug|Any CPU.Build.0 = Debug|Any CPU
		{7F5F4B25-790D-4AA7-BDB6-E5A54A851062}.Release|Any CPU.ActiveCfg = Release|Any CPU
		{7F5F4B25-790D-4AA7-BDB6-E5A54A851062}.Release|Any CPU.Build.0 = Release|Any CPU
		{E92BC993-E349-4CC0-88CB-9D74320FE652}.Debug|Any CPU.ActiveCfg = Debug|Any CPU
		{E92BC993-E349-4CC0-88CB-9D74320FE652}.Debug|Any CPU.Build.0 = Debug|Any CPU
		{E92BC993-E349-4CC0-88CB-9D74320FE652}.Release|Any CPU.ActiveCfg = Release|Any CPU
		{E92BC993-E349-4CC0-88CB-9D74320FE652}.Release|Any CPU.Build.0 = Release|Any CPU
	EndGlobalSection
	GlobalSection(SolutionProperties) = preSolution
		HideSolutionNode = FALSE
	EndGlobalSection
	GlobalSection(ExtensibilityGlobals) = postSolution
		SolutionGuid = {6240B7E4-1CE8-45E6-A7B2-3C98CDED7335}
	EndGlobalSection
EndGlobal
