
Microsoft Visual Studio Solution File, Format Version 12.00
# Visual Studio Version 16
VisualStudioVersion = 16.0.30804.86
MinimumVisualStudioVersion = 10.0.40219.1
Project("{FAE04EC0-301F-11D3-BF4B-00C04F79EFBC}") = "que1", "Exam1\que1.csproj", "{932C5E72-3048-4FB1-ADFB-12D56B64DEF9}"
EndProject
Project("{FAE04EC0-301F-11D3-BF4B-00C04F79EFBC}") = "Qus3", "Quest2\Qus3.csproj", "{04CF4003-4FE2-494D-BAD4-609553087899}"
EndProject
Project("{FAE04EC0-301F-11D3-BF4B-00C04F79EFBC}") = "qus2", "qus3\qus2.csproj", "{12B9C744-3062-49DF-9E33-A239CAD0FC8A}"
EndProject
Global
	GlobalSection(SolutionConfigurationPlatforms) = preSolution
		Debug|Any CPU = Debug|Any CPU
		Release|Any CPU = Release|Any CPU
	EndGlobalSection
	GlobalSection(ProjectConfigurationPlatforms) = postSolution
		{932C5E72-3048-4FB1-ADFB-12D56B64DEF9}.Debug|Any CPU.ActiveCfg = Debug|Any CPU
		{932C5E72-3048-4FB1-ADFB-12D56B64DEF9}.Debug|Any CPU.Build.0 = Debug|Any CPU
		{932C5E72-3048-4FB1-ADFB-12D56B64DEF9}.Release|Any CPU.ActiveCfg = Release|Any CPU
		{932C5E72-3048-4FB1-ADFB-12D56B64DEF9}.Release|Any CPU.Build.0 = Release|Any CPU
		{04CF4003-4FE2-494D-BAD4-609553087899}.Debug|Any CPU.ActiveCfg = Debug|Any CPU
		{04CF4003-4FE2-494D-BAD4-609553087899}.Debug|Any CPU.Build.0 = Debug|Any CPU
		{04CF4003-4FE2-494D-BAD4-609553087899}.Release|Any CPU.ActiveCfg = Release|Any CPU
		{04CF4003-4FE2-494D-BAD4-609553087899}.Release|Any CPU.Build.0 = Release|Any CPU
		{12B9C744-3062-49DF-9E33-A239CAD0FC8A}.Debug|Any CPU.ActiveCfg = Debug|Any CPU
		{12B9C744-3062-49DF-9E33-A239CAD0FC8A}.Debug|Any CPU.Build.0 = Debug|Any CPU
		{12B9C744-3062-49DF-9E33-A239CAD0FC8A}.Release|Any CPU.ActiveCfg = Release|Any CPU
		{12B9C744-3062-49DF-9E33-A239CAD0FC8A}.Release|Any CPU.Build.0 = Release|Any CPU
	EndGlobalSection
	GlobalSection(SolutionProperties) = preSolution
		HideSolutionNode = FALSE
	EndGlobalSection
	GlobalSection(ExtensibilityGlobals) = postSolution
		SolutionGuid = {2077BD43-ED8B-4BB7-BB41-3E4E871BE81B}
	EndGlobalSection
EndGlobal
