
Microsoft Visual Studio Solution File, Format Version 12.00
# Visual Studio Version 16
VisualStudioVersion = 16.0.31019.35
MinimumVisualStudioVersion = 10.0.40219.1
Project("{FAE04EC0-301F-11D3-BF4B-00C04F79EFBC}") = "Task-3", "Task-3\Task-3.csproj", "{B5516BB1-EDB7-44A8-95CE-9A8E423B0412}"
EndProject
Project("{FAE04EC0-301F-11D3-BF4B-00C04F79EFBC}") = "Task-1", "Task-1\Task-1.csproj", "{4F11862A-FAAD-4175-B329-BC30D056C630}"
EndProject
Project("{FAE04EC0-301F-11D3-BF4B-00C04F79EFBC}") = "Task-2", "Task-2\Task-2.csproj", "{565AFEB8-3835-4507-B0F6-79BCA5ABBE4E}"
EndProject
Global
	GlobalSection(SolutionConfigurationPlatforms) = preSolution
		Debug|Any CPU = Debug|Any CPU
		Release|Any CPU = Release|Any CPU
	EndGlobalSection
	GlobalSection(ProjectConfigurationPlatforms) = postSolution
		{B5516BB1-EDB7-44A8-95CE-9A8E423B0412}.Debug|Any CPU.ActiveCfg = Debug|Any CPU
		{B5516BB1-EDB7-44A8-95CE-9A8E423B0412}.Debug|Any CPU.Build.0 = Debug|Any CPU
		{B5516BB1-EDB7-44A8-95CE-9A8E423B0412}.Release|Any CPU.ActiveCfg = Release|Any CPU
		{B5516BB1-EDB7-44A8-95CE-9A8E423B0412}.Release|Any CPU.Build.0 = Release|Any CPU
		{4F11862A-FAAD-4175-B329-BC30D056C630}.Debug|Any CPU.ActiveCfg = Debug|Any CPU
		{4F11862A-FAAD-4175-B329-BC30D056C630}.Debug|Any CPU.Build.0 = Debug|Any CPU
		{4F11862A-FAAD-4175-B329-BC30D056C630}.Release|Any CPU.ActiveCfg = Release|Any CPU
		{4F11862A-FAAD-4175-B329-BC30D056C630}.Release|Any CPU.Build.0 = Release|Any CPU
		{565AFEB8-3835-4507-B0F6-79BCA5ABBE4E}.Debug|Any CPU.ActiveCfg = Debug|Any CPU
		{565AFEB8-3835-4507-B0F6-79BCA5ABBE4E}.Debug|Any CPU.Build.0 = Debug|Any CPU
		{565AFEB8-3835-4507-B0F6-79BCA5ABBE4E}.Release|Any CPU.ActiveCfg = Release|Any CPU
		{565AFEB8-3835-4507-B0F6-79BCA5ABBE4E}.Release|Any CPU.Build.0 = Release|Any CPU
	EndGlobalSection
	GlobalSection(SolutionProperties) = preSolution
		HideSolutionNode = FALSE
	EndGlobalSection
	GlobalSection(ExtensibilityGlobals) = postSolution
		SolutionGuid = {63DA80D3-04BF-4824-8B5C-08324BE0FBAF}
	EndGlobalSection
EndGlobal
