
Microsoft Visual Studio Solution File, Format Version 12.00
# Visual Studio Version 16
VisualStudioVersion = 16.0.30804.86
MinimumVisualStudioVersion = 10.0.40219.1
Project("{9A19103F-16F7-4668-BE54-9A1E7A4F7556}") = "task-1", "task-1\task-1.csproj", "{99323408-81ED-4B75-85AE-086631FEF16C}"
EndProject
Project("{FAE04EC0-301F-11D3-BF4B-00C04F79EFBC}") = "task2", "task2\task2.csproj", "{9FFC6D00-3522-49DF-A51F-E8FF330376B8}"
EndProject
Global
	GlobalSection(SolutionConfigurationPlatforms) = preSolution
		Debug|Any CPU = Debug|Any CPU
		Release|Any CPU = Release|Any CPU
	EndGlobalSection
	GlobalSection(ProjectConfigurationPlatforms) = postSolution
		{99323408-81ED-4B75-85AE-086631FEF16C}.Debug|Any CPU.ActiveCfg = Debug|Any CPU
		{99323408-81ED-4B75-85AE-086631FEF16C}.Debug|Any CPU.Build.0 = Debug|Any CPU
		{99323408-81ED-4B75-85AE-086631FEF16C}.Release|Any CPU.ActiveCfg = Release|Any CPU
		{99323408-81ED-4B75-85AE-086631FEF16C}.Release|Any CPU.Build.0 = Release|Any CPU
		{9FFC6D00-3522-49DF-A51F-E8FF330376B8}.Debug|Any CPU.ActiveCfg = Debug|Any CPU
		{9FFC6D00-3522-49DF-A51F-E8FF330376B8}.Debug|Any CPU.Build.0 = Debug|Any CPU
		{9FFC6D00-3522-49DF-A51F-E8FF330376B8}.Release|Any CPU.ActiveCfg = Release|Any CPU
		{9FFC6D00-3522-49DF-A51F-E8FF330376B8}.Release|Any CPU.Build.0 = Release|Any CPU
	EndGlobalSection
	GlobalSection(SolutionProperties) = preSolution
		HideSolutionNode = FALSE
	EndGlobalSection
	GlobalSection(ExtensibilityGlobals) = postSolution
		SolutionGuid = {7CF7215D-CFB1-4DE0-B374-A70638F6B26D}
	EndGlobalSection
EndGlobal
